
Microsoft Visual Studio Solution File, Format Version 12.00
# Visual Studio Version 17
VisualStudioVersion = 17.4.33122.133
MinimumVisualStudioVersion = 10.0.40219.1
Project("{FAE04EC0-301F-11D3-BF4B-00C04F79EFBC}") = "ValidatorTest", "ValidatorTest\ValidatorTest.csproj", "{01636D35-F458-4FDB-9EC3-61E1174414DC}"
EndProject
Global
	GlobalSection(SolutionConfigurationPlatforms) = preSolution
		Debug|Any CPU = Debug|Any CPU
		Release|Any CPU = Release|Any CPU
	EndGlobalSection
	GlobalSection(ProjectConfigurationPlatforms) = postSolution
		{01636D35-F458-4FDB-9EC3-61E1174414DC}.Debug|Any CPU.ActiveCfg = Debug|Any CPU
		{01636D35-F458-4FDB-9EC3-61E1174414DC}.Debug|Any CPU.Build.0 = Debug|Any CPU
		{01636D35-F458-4FDB-9EC3-61E1174414DC}.Release|Any CPU.ActiveCfg = Release|Any CPU
		{01636D35-F458-4FDB-9EC3-61E1174414DC}.Release|Any CPU.Build.0 = Release|Any CPU
	EndGlobalSection
	GlobalSection(SolutionProperties) = preSolution
		HideSolutionNode = FALSE
	EndGlobalSection
	GlobalSection(ExtensibilityGlobals) = postSolution
		SolutionGuid = {CDE52998-BC8D-4B67-ABCD-C4363609B9FB}
	EndGlobalSection
EndGlobal
